
Microsoft Visual Studio Solution File, Format Version 12.00
# Visual Studio Version 16
VisualStudioVersion = 16.0.31613.86
MinimumVisualStudioVersion = 10.0.40219.1
Project("{FAE04EC0-301F-11D3-BF4B-00C04F79EFBC}") = "RectTestClass", "RectTestClass.csproj", "{95785CF5-6FD3-497F-B2A1-BFBC79E74E14}"
EndProject
Global
	GlobalSection(SolutionConfigurationPlatforms) = preSolution
		Debug|Any CPU = Debug|Any CPU
		Release|Any CPU = Release|Any CPU
	EndGlobalSection
	GlobalSection(ProjectConfigurationPlatforms) = postSolution
		{95785CF5-6FD3-497F-B2A1-BFBC79E74E14}.Debug|Any CPU.ActiveCfg = Debug|Any CPU
		{95785CF5-6FD3-497F-B2A1-BFBC79E74E14}.Debug|Any CPU.Build.0 = Debug|Any CPU
		{95785CF5-6FD3-497F-B2A1-BFBC79E74E14}.Release|Any CPU.ActiveCfg = Release|Any CPU
		{95785CF5-6FD3-497F-B2A1-BFBC79E74E14}.Release|Any CPU.Build.0 = Release|Any CPU
	EndGlobalSection
	GlobalSection(SolutionProperties) = preSolution
		HideSolutionNode = FALSE
	EndGlobalSection
	GlobalSection(ExtensibilityGlobals) = postSolution
		SolutionGuid = {EB093158-93A0-4605-8A88-3AFF91AC3B5E}
	EndGlobalSection
EndGlobal
